
Microsoft Visual Studio Solution File, Format Version 12.00
Project("{FAE04EC0-301F-11D3-BF4B-00C04F79EFBC}") = "MyMvc", "MyMvc\MyMvc.csproj", "{5915B23D-86AA-43E2-A5B8-63689DDA6049}"
EndProject
Global
	GlobalSection(SolutionConfigurationPlatforms) = preSolution
		Debug|Any CPU = Debug|Any CPU
		Release|Any CPU = Release|Any CPU
	EndGlobalSection
	GlobalSection(ProjectConfigurationPlatforms) = postSolution
		{5915B23D-86AA-43E2-A5B8-63689DDA6049}.Debug|Any CPU.ActiveCfg = Debug|Any CPU
		{5915B23D-86AA-43E2-A5B8-63689DDA6049}.Debug|Any CPU.Build.0 = Debug|Any CPU
		{5915B23D-86AA-43E2-A5B8-63689DDA6049}.Release|Any CPU.ActiveCfg = Release|Any CPU
		{5915B23D-86AA-43E2-A5B8-63689DDA6049}.Release|Any CPU.Build.0 = Release|Any CPU
	EndGlobalSection
EndGlobal
